
Microsoft Visual Studio Solution File, Format Version 12.00
# Visual Studio 2012
Project("{FAE04EC0-301F-11D3-BF4B-00C04F79EFBC}") = "SYCScreensaver", "SYCScreensaver\SYCScreensaver.csproj", "{4FC77414-5859-42B6-9CE9-1AF3650919C3}"
EndProject
Global
	GlobalSection(SolutionConfigurationPlatforms) = preSolution
		Debug|Any CPU = Debug|Any CPU
		Release|Any CPU = Release|Any CPU
	EndGlobalSection
	GlobalSection(ProjectConfigurationPlatforms) = postSolution
		{4FC77414-5859-42B6-9CE9-1AF3650919C3}.Debug|Any CPU.ActiveCfg = Debug|Any CPU
		{4FC77414-5859-42B6-9CE9-1AF3650919C3}.Debug|Any CPU.Build.0 = Debug|Any CPU
		{4FC77414-5859-42B6-9CE9-1AF3650919C3}.Release|Any CPU.ActiveCfg = Release|Any CPU
		{4FC77414-5859-42B6-9CE9-1AF3650919C3}.Release|Any CPU.Build.0 = Release|Any CPU
	EndGlobalSection
	GlobalSection(SolutionProperties) = preSolution
		HideSolutionNode = FALSE
	EndGlobalSection
EndGlobal
